PODS:
  - DJI-SDK-iOS (4.11.1)
  - DJISDKExtension (1.4.0):
    - DJI-SDK-iOS (~> 4.11)
    - PromiseKit (~> 6.4)
  - MJRefresh (3.2.2)
  - PromiseKit (6.12.0):
    - PromiseKit/CorePromise (= 6.12.0)
    - PromiseKit/Foundation (= 6.12.0)
    - PromiseKit/UIKit (= 6.12.0)
  - PromiseKit/CorePromise (6.12.0)
  - PromiseKit/Foundation (6.12.0):
    - PromiseKit/CorePromise
  - PromiseKit/UIKit (6.12.0):
    - PromiseKit/CorePromise
  - SnapKit (5.0.1)

DEPENDENCIES:
  - DJI-SDK-iOS (~> 4.11)
  - DJISDKExtension
  - MJRefresh
  - PromiseKit
  - SnapKit

SPEC REPOS:
  trunk:
    - DJI-SDK-iOS
    - DJISDKExtension
    - MJRefresh
    - PromiseKit
    - SnapKit

SPEC CHECKSUMS:
  DJI-SDK-iOS: b1c348caa7bd1d8b5c68f00bffcbf4513adfbc37
  DJISDKExtension: a038c7298cb4afc8b0c728456806ce525dd990ce
  MJRefresh: 72a46ecaa2a0feaf48fc5198dff95f25f8bb27c6
  PromiseKit: c06835ba442ce5454ce3cdde470232804a6e4ff8
  SnapKit: 97b92857e3df3a0c71833cce143274bf6ef8e5eb

PODFILE CHECKSUM: 2c4a5e1f3ed94c3f9139779277ffe8bd7a1c56d7

COCOAPODS: 1.8.4
