PODS:
  - DJI-SDK-iOS (4.11.2)
  - DJISDKExtension (1.5.0):
    - DJI-SDK-iOS (~> 4.11.0)
    - PromiseKit
  - MJRefresh (3.5.0)
  - PromiseKit (6.13.1):
    - PromiseKit/CorePromise (= 6.13.1)
    - PromiseKit/Foundation (= 6.13.1)
    - PromiseKit/UIKit (= 6.13.1)
  - PromiseKit/CorePromise (6.13.1)
  - PromiseKit/Foundation (6.13.1):
    - PromiseKit/CorePromise
  - PromiseKit/UIKit (6.13.1):
    - PromiseKit/CorePromise
  - SnapKit (5.0.1)

DEPENDENCIES:
  - DJI-SDK-iOS (~> 4.11)
  - DJISDKExtension
  - MJRefresh
  - PromiseKit
  - SnapKit

SPEC REPOS:
  trunk:
    - DJI-SDK-iOS
    - DJISDKExtension
    - MJRefresh
    - PromiseKit
    - SnapKit

SPEC CHECKSUMS:
  DJI-SDK-iOS: dd421937079d101dee461eb5c311cb9d26404dd7
  DJISDKExtension: f978e9214487f0e8a9a90a19c6e8391b3b1a7382
  MJRefresh: 6afc955813966afb08305477dd7a0d9ad5e79a16
  PromiseKit: 28fda91c973cc377875d8c0ea4f973013c05b6db
  SnapKit: 97b92857e3df3a0c71833cce143274bf6ef8e5eb

PODFILE CHECKSUM: 2c4a5e1f3ed94c3f9139779277ffe8bd7a1c56d7

COCOAPODS: 1.10.0.rc.1
